
Microsoft Visual Studio Solution File, Format Version 12.00
# Visual Studio Version 17
VisualStudioVersion = 17.2.32505.173
MinimumVisualStudioVersion = 10.0.40219.1
Project("{FAE04EC0-301F-11D3-BF4B-00C04F79EFBC}") = "EKVI redact", "EKVI redact.csproj", "{7B7948D9-DD73-480E-8E51-35D939E8E6EE}"
EndProject
Global
	GlobalSection(SolutionConfigurationPlatforms) = preSolution
		Debug|Any CPU = Debug|Any CPU
		Release|Any CPU = Release|Any CPU
	EndGlobalSection
	GlobalSection(ProjectConfigurationPlatforms) = postSolution
		{7B7948D9-DD73-480E-8E51-35D939E8E6EE}.Debug|Any CPU.ActiveCfg = Debug|Any CPU
		{7B7948D9-DD73-480E-8E51-35D939E8E6EE}.Debug|Any CPU.Build.0 = Debug|Any CPU
		{7B7948D9-DD73-480E-8E51-35D939E8E6EE}.Release|Any CPU.ActiveCfg = Release|Any CPU
		{7B7948D9-DD73-480E-8E51-35D939E8E6EE}.Release|Any CPU.Build.0 = Release|Any CPU
	EndGlobalSection
	GlobalSection(SolutionProperties) = preSolution
		HideSolutionNode = FALSE
	EndGlobalSection
	GlobalSection(ExtensibilityGlobals) = postSolution
		SolutionGuid = {70791B69-9135-4D8B-BC83-699DFC834C1D}
	EndGlobalSection
EndGlobal
